
Microsoft Visual Studio Solution File, Format Version 12.00
# Visual Studio 15
VisualStudioVersion = 15.0.28307.645
MinimumVisualStudioVersion = 10.0.40219.1
Project("{FAE04EC0-301F-11D3-BF4B-00C04F79EFBC}") = "Masivi_gymnastika", "Masivi_gymnastika\Masivi_gymnastika.csproj", "{948FD13B-3507-43B2-BA41-06342A9FA7F0}"
EndProject
Global
	GlobalSection(SolutionConfigurationPlatforms) = preSolution
		Debug|Any CPU = Debug|Any CPU
		Release|Any CPU = Release|Any CPU
	EndGlobalSection
	GlobalSection(ProjectConfigurationPlatforms) = postSolution
		{948FD13B-3507-43B2-BA41-06342A9FA7F0}.Debug|Any CPU.ActiveCfg = Debug|Any CPU
		{948FD13B-3507-43B2-BA41-06342A9FA7F0}.Debug|Any CPU.Build.0 = Debug|Any CPU
		{948FD13B-3507-43B2-BA41-06342A9FA7F0}.Release|Any CPU.ActiveCfg = Release|Any CPU
		{948FD13B-3507-43B2-BA41-06342A9FA7F0}.Release|Any CPU.Build.0 = Release|Any CPU
	EndGlobalSection
	GlobalSection(SolutionProperties) = preSolution
		HideSolutionNode = FALSE
	EndGlobalSection
	GlobalSection(ExtensibilityGlobals) = postSolution
		SolutionGuid = {486767B7-493B-4365-AF5C-54219670305C}
	EndGlobalSection
EndGlobal
