
Microsoft Visual Studio Solution File, Format Version 12.00
# Visual Studio Version 16
VisualStudioVersion = 16.0.30804.86
MinimumVisualStudioVersion = 10.0.40219.1
Project("{FAE04EC0-301F-11D3-BF4B-00C04F79EFBC}") = "CarShop", "CarShop\CarShop.csproj", "{38EFCFF3-0ED3-4242-B0C3-7760C385BCAD}"
EndProject
Global
	GlobalSection(SolutionConfigurationPlatforms) = preSolution
		Debug|Any CPU = Debug|Any CPU
		Release|Any CPU = Release|Any CPU
	EndGlobalSection
	GlobalSection(ProjectConfigurationPlatforms) = postSolution
		{38EFCFF3-0ED3-4242-B0C3-7760C385BCAD}.Debug|Any CPU.ActiveCfg = Debug|Any CPU
		{38EFCFF3-0ED3-4242-B0C3-7760C385BCAD}.Debug|Any CPU.Build.0 = Debug|Any CPU
		{38EFCFF3-0ED3-4242-B0C3-7760C385BCAD}.Release|Any CPU.ActiveCfg = Release|Any CPU
		{38EFCFF3-0ED3-4242-B0C3-7760C385BCAD}.Release|Any CPU.Build.0 = Release|Any CPU
	EndGlobalSection
	GlobalSection(SolutionProperties) = preSolution
		HideSolutionNode = FALSE
	EndGlobalSection
	GlobalSection(ExtensibilityGlobals) = postSolution
		SolutionGuid = {175ABCDA-7FD8-44AA-977A-F0021E9690B9}
	EndGlobalSection
EndGlobal
