
Microsoft Visual Studio Solution File, Format Version 12.00
# Visual Studio 15
VisualStudioVersion = 15.0.28307.645
MinimumVisualStudioVersion = 10.0.40219.1
Project("{FAE04EC0-301F-11D3-BF4B-00C04F79EFBC}") = "Masivi_min_max_suma", "Masivi_min_max_suma\Masivi_min_max_suma.csproj", "{FDDFAF76-84F0-4160-BB85-529096475378}"
EndProject
Global
	GlobalSection(SolutionConfigurationPlatforms) = preSolution
		Debug|Any CPU = Debug|Any CPU
		Release|Any CPU = Release|Any CPU
	EndGlobalSection
	GlobalSection(ProjectConfigurationPlatforms) = postSolution
		{FDDFAF76-84F0-4160-BB85-529096475378}.Debug|Any CPU.ActiveCfg = Debug|Any CPU
		{FDDFAF76-84F0-4160-BB85-529096475378}.Debug|Any CPU.Build.0 = Debug|Any CPU
		{FDDFAF76-84F0-4160-BB85-529096475378}.Release|Any CPU.ActiveCfg = Release|Any CPU
		{FDDFAF76-84F0-4160-BB85-529096475378}.Release|Any CPU.Build.0 = Release|Any CPU
	EndGlobalSection
	GlobalSection(SolutionProperties) = preSolution
		HideSolutionNode = FALSE
	EndGlobalSection
	GlobalSection(ExtensibilityGlobals) = postSolution
		SolutionGuid = {B85CE7EB-C47F-42A5-9DC1-75A6A674A07D}
	EndGlobalSection
EndGlobal
