
Microsoft Visual Studio Solution File, Format Version 12.00
# Visual Studio Version 16
VisualStudioVersion = 16.0.31727.386
MinimumVisualStudioVersion = 10.0.40219.1
Project("{FAE04EC0-301F-11D3-BF4B-00C04F79EFBC}") = "ChristmasPresent", "ChristmasPresent\ChristmasPresent.csproj", "{CE4D6710-92A6-42AA-8C29-2826EFCFB49C}"
EndProject
Global
	GlobalSection(SolutionConfigurationPlatforms) = preSolution
		Debug|Any CPU = Debug|Any CPU
		Release|Any CPU = Release|Any CPU
	EndGlobalSection
	GlobalSection(ProjectConfigurationPlatforms) = postSolution
		{CE4D6710-92A6-42AA-8C29-2826EFCFB49C}.Debug|Any CPU.ActiveCfg = Debug|Any CPU
		{CE4D6710-92A6-42AA-8C29-2826EFCFB49C}.Debug|Any CPU.Build.0 = Debug|Any CPU
		{CE4D6710-92A6-42AA-8C29-2826EFCFB49C}.Release|Any CPU.ActiveCfg = Release|Any CPU
		{CE4D6710-92A6-42AA-8C29-2826EFCFB49C}.Release|Any CPU.Build.0 = Release|Any CPU
	EndGlobalSection
	GlobalSection(SolutionProperties) = preSolution
		HideSolutionNode = FALSE
	EndGlobalSection
	GlobalSection(ExtensibilityGlobals) = postSolution
		SolutionGuid = {C632F6B8-829C-408D-AAEE-9DCF1E07C227}
	EndGlobalSection
EndGlobal
