
Microsoft Visual Studio Solution File, Format Version 12.00
# Visual Studio 15
VisualStudioVersion = 15.0.28307.645
MinimumVisualStudioVersion = 10.0.40219.1
Project("{FAE04EC0-301F-11D3-BF4B-00C04F79EFBC}") = "Concert", "Concert\Concert.csproj", "{F5707635-119A-43A9-8CBB-79F33F54D62A}"
EndProject
Global
	GlobalSection(SolutionConfigurationPlatforms) = preSolution
		Debug|Any CPU = Debug|Any CPU
		Release|Any CPU = Release|Any CPU
	EndGlobalSection
	GlobalSection(ProjectConfigurationPlatforms) = postSolution
		{F5707635-119A-43A9-8CBB-79F33F54D62A}.Debug|Any CPU.ActiveCfg = Debug|Any CPU
		{F5707635-119A-43A9-8CBB-79F33F54D62A}.Debug|Any CPU.Build.0 = Debug|Any CPU
		{F5707635-119A-43A9-8CBB-79F33F54D62A}.Release|Any CPU.ActiveCfg = Release|Any CPU
		{F5707635-119A-43A9-8CBB-79F33F54D62A}.Release|Any CPU.Build.0 = Release|Any CPU
	EndGlobalSection
	GlobalSection(SolutionProperties) = preSolution
		HideSolutionNode = FALSE
	EndGlobalSection
	GlobalSection(ExtensibilityGlobals) = postSolution
		SolutionGuid = {68307C38-6AA1-43D4-A2F6-A169DBCBA3E6}
	EndGlobalSection
EndGlobal
