
Microsoft Visual Studio Solution File, Format Version 12.00
# Visual Studio 15
VisualStudioVersion = 15.0.28307.645
MinimumVisualStudioVersion = 10.0.40219.1
Project("{FAE04EC0-301F-11D3-BF4B-00C04F79EFBC}") = "Balls", "Balls\Balls.csproj", "{109D617E-C9DA-4B1B-B1C5-1560B0B4E464}"
EndProject
Global
	GlobalSection(SolutionConfigurationPlatforms) = preSolution
		Debug|Any CPU = Debug|Any CPU
		Release|Any CPU = Release|Any CPU
	EndGlobalSection
	GlobalSection(ProjectConfigurationPlatforms) = postSolution
		{109D617E-C9DA-4B1B-B1C5-1560B0B4E464}.Debug|Any CPU.ActiveCfg = Debug|Any CPU
		{109D617E-C9DA-4B1B-B1C5-1560B0B4E464}.Debug|Any CPU.Build.0 = Debug|Any CPU
		{109D617E-C9DA-4B1B-B1C5-1560B0B4E464}.Release|Any CPU.ActiveCfg = Release|Any CPU
		{109D617E-C9DA-4B1B-B1C5-1560B0B4E464}.Release|Any CPU.Build.0 = Release|Any CPU
	EndGlobalSection
	GlobalSection(SolutionProperties) = preSolution
		HideSolutionNode = FALSE
	EndGlobalSection
	GlobalSection(ExtensibilityGlobals) = postSolution
		SolutionGuid = {460EA9F5-076C-411F-863A-F13557770A22}
	EndGlobalSection
EndGlobal
