
Microsoft Visual Studio Solution File, Format Version 12.00
# Visual Studio 15
VisualStudioVersion = 15.0.28307.645
MinimumVisualStudioVersion = 10.0.40219.1
Project("{FAE04EC0-301F-11D3-BF4B-00C04F79EFBC}") = "Barrels", "Barrels\Barrels.csproj", "{EB59DED0-871F-4410-A8B2-96C8E5E7221E}"
EndProject
Global
	GlobalSection(SolutionConfigurationPlatforms) = preSolution
		Debug|Any CPU = Debug|Any CPU
		Release|Any CPU = Release|Any CPU
	EndGlobalSection
	GlobalSection(ProjectConfigurationPlatforms) = postSolution
		{EB59DED0-871F-4410-A8B2-96C8E5E7221E}.Debug|Any CPU.ActiveCfg = Debug|Any CPU
		{EB59DED0-871F-4410-A8B2-96C8E5E7221E}.Debug|Any CPU.Build.0 = Debug|Any CPU
		{EB59DED0-871F-4410-A8B2-96C8E5E7221E}.Release|Any CPU.ActiveCfg = Release|Any CPU
		{EB59DED0-871F-4410-A8B2-96C8E5E7221E}.Release|Any CPU.Build.0 = Release|Any CPU
	EndGlobalSection
	GlobalSection(SolutionProperties) = preSolution
		HideSolutionNode = FALSE
	EndGlobalSection
	GlobalSection(ExtensibilityGlobals) = postSolution
		SolutionGuid = {6753EDBB-1A3D-4E82-96E3-C80D4593F318}
	EndGlobalSection
EndGlobal
