
Microsoft Visual Studio Solution File, Format Version 12.00
# Visual Studio 15
VisualStudioVersion = 15.0.28307.645
MinimumVisualStudioVersion = 10.0.40219.1
Project("{FAE04EC0-301F-11D3-BF4B-00C04F79EFBC}") = "Class_masiv", "Class_masiv\Class_masiv.csproj", "{A3AC5650-6001-4D06-85B8-6F677B73A128}"
EndProject
Global
	GlobalSection(SolutionConfigurationPlatforms) = preSolution
		Debug|Any CPU = Debug|Any CPU
		Release|Any CPU = Release|Any CPU
	EndGlobalSection
	GlobalSection(ProjectConfigurationPlatforms) = postSolution
		{A3AC5650-6001-4D06-85B8-6F677B73A128}.Debug|Any CPU.ActiveCfg = Debug|Any CPU
		{A3AC5650-6001-4D06-85B8-6F677B73A128}.Debug|Any CPU.Build.0 = Debug|Any CPU
		{A3AC5650-6001-4D06-85B8-6F677B73A128}.Release|Any CPU.ActiveCfg = Release|Any CPU
		{A3AC5650-6001-4D06-85B8-6F677B73A128}.Release|Any CPU.Build.0 = Release|Any CPU
	EndGlobalSection
	GlobalSection(SolutionProperties) = preSolution
		HideSolutionNode = FALSE
	EndGlobalSection
	GlobalSection(ExtensibilityGlobals) = postSolution
		SolutionGuid = {A49EC2A3-3F1C-4BF4-BF71-30C42AE5A83D}
	EndGlobalSection
EndGlobal
