
Microsoft Visual Studio Solution File, Format Version 12.00
# Visual Studio 15
VisualStudioVersion = 15.0.28307.645
MinimumVisualStudioVersion = 10.0.40219.1
Project("{FAE04EC0-301F-11D3-BF4B-00C04F79EFBC}") = "Prosti_chisla", "Prosti_chisla\Prosti_chisla.csproj", "{6B153EB7-E525-40C2-8681-BEB94B330D4F}"
EndProject
Global
	GlobalSection(SolutionConfigurationPlatforms) = preSolution
		Debug|Any CPU = Debug|Any CPU
		Release|Any CPU = Release|Any CPU
	EndGlobalSection
	GlobalSection(ProjectConfigurationPlatforms) = postSolution
		{6B153EB7-E525-40C2-8681-BEB94B330D4F}.Debug|Any CPU.ActiveCfg = Debug|Any CPU
		{6B153EB7-E525-40C2-8681-BEB94B330D4F}.Debug|Any CPU.Build.0 = Debug|Any CPU
		{6B153EB7-E525-40C2-8681-BEB94B330D4F}.Release|Any CPU.ActiveCfg = Release|Any CPU
		{6B153EB7-E525-40C2-8681-BEB94B330D4F}.Release|Any CPU.Build.0 = Release|Any CPU
	EndGlobalSection
	GlobalSection(SolutionProperties) = preSolution
		HideSolutionNode = FALSE
	EndGlobalSection
	GlobalSection(ExtensibilityGlobals) = postSolution
		SolutionGuid = {B9EC5149-2758-431E-849E-06FF396B16BC}
	EndGlobalSection
EndGlobal
