
Microsoft Visual Studio Solution File, Format Version 12.00
# Visual Studio 15
VisualStudioVersion = 15.0.28307.645
MinimumVisualStudioVersion = 10.0.40219.1
Project("{FAE04EC0-301F-11D3-BF4B-00C04F79EFBC}") = "Archery", "Archery\Archery.csproj", "{B09B2F3B-4A5A-4098-A906-F9CEAA4C8439}"
EndProject
Global
	GlobalSection(SolutionConfigurationPlatforms) = preSolution
		Debug|Any CPU = Debug|Any CPU
		Release|Any CPU = Release|Any CPU
	EndGlobalSection
	GlobalSection(ProjectConfigurationPlatforms) = postSolution
		{B09B2F3B-4A5A-4098-A906-F9CEAA4C8439}.Debug|Any CPU.ActiveCfg = Debug|Any CPU
		{B09B2F3B-4A5A-4098-A906-F9CEAA4C8439}.Debug|Any CPU.Build.0 = Debug|Any CPU
		{B09B2F3B-4A5A-4098-A906-F9CEAA4C8439}.Release|Any CPU.ActiveCfg = Release|Any CPU
		{B09B2F3B-4A5A-4098-A906-F9CEAA4C8439}.Release|Any CPU.Build.0 = Release|Any CPU
	EndGlobalSection
	GlobalSection(SolutionProperties) = preSolution
		HideSolutionNode = FALSE
	EndGlobalSection
	GlobalSection(ExtensibilityGlobals) = postSolution
		SolutionGuid = {29135F46-150F-438E-AB10-A8539D641407}
	EndGlobalSection
EndGlobal
