
Microsoft Visual Studio Solution File, Format Version 12.00
# Visual Studio Version 17
VisualStudioVersion = 17.3.32811.315
MinimumVisualStudioVersion = 10.0.40219.1
Project("{FAE04EC0-301F-11D3-BF4B-00C04F79EFBC}") = "Graphs", "Graphs\Graphs.csproj", "{FB5DF1BE-D697-4B93-8CE8-53C30E4C6C40}"
EndProject
Global
	GlobalSection(SolutionConfigurationPlatforms) = preSolution
		Debug|Any CPU = Debug|Any CPU
		Release|Any CPU = Release|Any CPU
	EndGlobalSection
	GlobalSection(ProjectConfigurationPlatforms) = postSolution
		{FB5DF1BE-D697-4B93-8CE8-53C30E4C6C40}.Debug|Any CPU.ActiveCfg = Debug|Any CPU
		{FB5DF1BE-D697-4B93-8CE8-53C30E4C6C40}.Debug|Any CPU.Build.0 = Debug|Any CPU
		{FB5DF1BE-D697-4B93-8CE8-53C30E4C6C40}.Release|Any CPU.ActiveCfg = Release|Any CPU
		{FB5DF1BE-D697-4B93-8CE8-53C30E4C6C40}.Release|Any CPU.Build.0 = Release|Any CPU
	EndGlobalSection
	GlobalSection(SolutionProperties) = preSolution
		HideSolutionNode = FALSE
	EndGlobalSection
	GlobalSection(ExtensibilityGlobals) = postSolution
		SolutionGuid = {5B46DE71-8769-43A6-B71C-C003C89583AF}
	EndGlobalSection
EndGlobal
