
Microsoft Visual Studio Solution File, Format Version 12.00
# Visual Studio Version 16
VisualStudioVersion = 16.0.31727.386
MinimumVisualStudioVersion = 10.0.40219.1
Project("{FAE04EC0-301F-11D3-BF4B-00C04F79EFBC}") = "transport_mvc", "transport_mvc\transport_mvc.csproj", "{4B6399AA-D017-4743-8F39-05F83C9F8A6C}"
EndProject
Global
	GlobalSection(SolutionConfigurationPlatforms) = preSolution
		Debug|Any CPU = Debug|Any CPU
		Release|Any CPU = Release|Any CPU
	EndGlobalSection
	GlobalSection(ProjectConfigurationPlatforms) = postSolution
		{4B6399AA-D017-4743-8F39-05F83C9F8A6C}.Debug|Any CPU.ActiveCfg = Debug|Any CPU
		{4B6399AA-D017-4743-8F39-05F83C9F8A6C}.Debug|Any CPU.Build.0 = Debug|Any CPU
		{4B6399AA-D017-4743-8F39-05F83C9F8A6C}.Release|Any CPU.ActiveCfg = Release|Any CPU
		{4B6399AA-D017-4743-8F39-05F83C9F8A6C}.Release|Any CPU.Build.0 = Release|Any CPU
	EndGlobalSection
	GlobalSection(SolutionProperties) = preSolution
		HideSolutionNode = FALSE
	EndGlobalSection
	GlobalSection(ExtensibilityGlobals) = postSolution
		SolutionGuid = {2A61BC17-37D1-4FD9-981D-5B2150F1D10D}
	EndGlobalSection
EndGlobal
