
Microsoft Visual Studio Solution File, Format Version 12.00
# Visual Studio 15
VisualStudioVersion = 15.0.28307.645
MinimumVisualStudioVersion = 10.0.40219.1
Project("{FAE04EC0-301F-11D3-BF4B-00C04F79EFBC}") = "Proekt_Test", "Proekt_Test\Proekt_Test.csproj", "{05DBB431-B683-415C-B2A8-F8DB382D6BA0}"
EndProject
Global
	GlobalSection(SolutionConfigurationPlatforms) = preSolution
		Debug|Any CPU = Debug|Any CPU
		Release|Any CPU = Release|Any CPU
	EndGlobalSection
	GlobalSection(ProjectConfigurationPlatforms) = postSolution
		{05DBB431-B683-415C-B2A8-F8DB382D6BA0}.Debug|Any CPU.ActiveCfg = Debug|Any CPU
		{05DBB431-B683-415C-B2A8-F8DB382D6BA0}.Debug|Any CPU.Build.0 = Debug|Any CPU
		{05DBB431-B683-415C-B2A8-F8DB382D6BA0}.Release|Any CPU.ActiveCfg = Release|Any CPU
		{05DBB431-B683-415C-B2A8-F8DB382D6BA0}.Release|Any CPU.Build.0 = Release|Any CPU
	EndGlobalSection
	GlobalSection(SolutionProperties) = preSolution
		HideSolutionNode = FALSE
	EndGlobalSection
	GlobalSection(ExtensibilityGlobals) = postSolution
		SolutionGuid = {6BA0BA0A-A66F-4C7A-8227-DA149E82722D}
	EndGlobalSection
EndGlobal
